
Microsoft Visual Studio Solution File, Format Version 12.00
# Visual Studio 15
VisualStudioVersion = 15.0.26124.0
MinimumVisualStudioVersion = 15.0.26124.0
Project("{FAE04EC0-301F-11D3-BF4B-00C04F79EFBC}") = "API", "API\API.csproj", "{E5DC9356-00AD-43AE-AD01-C2315DA6D52C}"
EndProject
Project("{FAE04EC0-301F-11D3-BF4B-00C04F79EFBC}") = "Core", "Core\Core.csproj", "{B630F4BE-1F9B-47B4-9B04-43F85130D0C4}"
EndProject
Project("{FAE04EC0-301F-11D3-BF4B-00C04F79EFBC}") = "Infrastructure", "Infrastructure\Infrastructure.csproj", "{FE7BEC3A-D301-49A1-8FA1-697266609954}"
EndProject
Global
	GlobalSection(SolutionConfigurationPlatforms) = preSolution
		Debug|Any CPU = Debug|Any CPU
		Debug|x64 = Debug|x64
		Debug|x86 = Debug|x86
		Release|Any CPU = Release|Any CPU
		Release|x64 = Release|x64
		Release|x86 = Release|x86
	EndGlobalSection
	GlobalSection(SolutionProperties) = preSolution
		HideSolutionNode = FALSE
	EndGlobalSection
	GlobalSection(ProjectConfigurationPlatforms) = postSolution
		{E5DC9356-00AD-43AE-AD01-C2315DA6D52C}.Debug|Any CPU.ActiveCfg = Debug|Any CPU
		{E5DC9356-00AD-43AE-AD01-C2315DA6D52C}.Debug|Any CPU.Build.0 = Debug|Any CPU
		{E5DC9356-00AD-43AE-AD01-C2315DA6D52C}.Debug|x64.ActiveCfg = Debug|Any CPU
		{E5DC9356-00AD-43AE-AD01-C2315DA6D52C}.Debug|x64.Build.0 = Debug|Any CPU
		{E5DC9356-00AD-43AE-AD01-C2315DA6D52C}.Debug|x86.ActiveCfg = Debug|Any CPU
		{E5DC9356-00AD-43AE-AD01-C2315DA6D52C}.Debug|x86.Build.0 = Debug|Any CPU
		{E5DC9356-00AD-43AE-AD01-C2315DA6D52C}.Release|Any CPU.ActiveCfg = Release|Any CPU
		{E5DC9356-00AD-43AE-AD01-C2315DA6D52C}.Release|Any CPU.Build.0 = Release|Any CPU
		{E5DC9356-00AD-43AE-AD01-C2315DA6D52C}.Release|x64.ActiveCfg = Release|Any CPU
		{E5DC9356-00AD-43AE-AD01-C2315DA6D52C}.Release|x64.Build.0 = Release|Any CPU
		{E5DC9356-00AD-43AE-AD01-C2315DA6D52C}.Release|x86.ActiveCfg = Release|Any CPU
		{E5DC9356-00AD-43AE-AD01-C2315DA6D52C}.Release|x86.Build.0 = Release|Any CPU
		{B630F4BE-1F9B-47B4-9B04-43F85130D0C4}.Debug|Any CPU.ActiveCfg = Debug|Any CPU
		{B630F4BE-1F9B-47B4-9B04-43F85130D0C4}.Debug|Any CPU.Build.0 = Debug|Any CPU
		{B630F4BE-1F9B-47B4-9B04-43F85130D0C4}.Debug|x64.ActiveCfg = Debug|Any CPU
		{B630F4BE-1F9B-47B4-9B04-43F85130D0C4}.Debug|x64.Build.0 = Debug|Any CPU
		{B630F4BE-1F9B-47B4-9B04-43F85130D0C4}.Debug|x86.ActiveCfg = Debug|Any CPU
		{B630F4BE-1F9B-47B4-9B04-43F85130D0C4}.Debug|x86.Build.0 = Debug|Any CPU
		{B630F4BE-1F9B-47B4-9B04-43F85130D0C4}.Release|Any CPU.ActiveCfg = Release|Any CPU
		{B630F4BE-1F9B-47B4-9B04-43F85130D0C4}.Release|Any CPU.Build.0 = Release|Any CPU
		{B630F4BE-1F9B-47B4-9B04-43F85130D0C4}.Release|x64.ActiveCfg = Release|Any CPU
		{B630F4BE-1F9B-47B4-9B04-43F85130D0C4}.Release|x64.Build.0 = Release|Any CPU
		{B630F4BE-1F9B-47B4-9B04-43F85130D0C4}.Release|x86.ActiveCfg = Release|Any CPU
		{B630F4BE-1F9B-47B4-9B04-43F85130D0C4}.Release|x86.Build.0 = Release|Any CPU
		{FE7BEC3A-D301-49A1-8FA1-697266609954}.Debug|Any CPU.ActiveCfg = Debug|Any CPU
		{FE7BEC3A-D301-49A1-8FA1-697266609954}.Debug|Any CPU.Build.0 = Debug|Any CPU
		{FE7BEC3A-D301-49A1-8FA1-697266609954}.Debug|x64.ActiveCfg = Debug|Any CPU
		{FE7BEC3A-D301-49A1-8FA1-697266609954}.Debug|x64.Build.0 = Debug|Any CPU
		{FE7BEC3A-D301-49A1-8FA1-697266609954}.Debug|x86.ActiveCfg = Debug|Any CPU
		{FE7BEC3A-D301-49A1-8FA1-697266609954}.Debug|x86.Build.0 = Debug|Any CPU
		{FE7BEC3A-D301-49A1-8FA1-697266609954}.Release|Any CPU.ActiveCfg = Release|Any CPU
		{FE7BEC3A-D301-49A1-8FA1-697266609954}.Release|Any CPU.Build.0 = Release|Any CPU
		{FE7BEC3A-D301-49A1-8FA1-697266609954}.Release|x64.ActiveCfg = Release|Any CPU
		{FE7BEC3A-D301-49A1-8FA1-697266609954}.Release|x64.Build.0 = Release|Any CPU
		{FE7BEC3A-D301-49A1-8FA1-697266609954}.Release|x86.ActiveCfg = Release|Any CPU
		{FE7BEC3A-D301-49A1-8FA1-697266609954}.Release|x86.Build.0 = Release|Any CPU
	EndGlobalSection
EndGlobal
